{
    "version": 3,
    "terraform_version": "0.11.7",
    "serial": 86,
    "lineage": "722b47e7-71c2-f9f7-d8d7-2a923fd0f59c",
    "modules": [
        {
            "path": [
                "root"
            ],
            "outputs": {},
            "resources": {
                "aws_cloudwatch_event_rule.jamf": {
                    "type": "aws_cloudwatch_event_rule",
                    "depends_on": [],
                    "primary": {
                        "id": "sfc-jamf-cloudwatch-rule",
                        "attributes": {
                            "arn": "arn:aws:events:us-west-2:833190679431:rule/sfc-jamf-cloudwatch-rule",
                            "description": "rule to trigger the jamf check daily",
                            "id": "sfc-jamf-cloudwatch-rule",
                            "is_enabled": "true",
                            "name": "sfc-jamf-cloudwatch-rule",
                            "role_arn": "",
                            "schedule_expression": "cron(0 10 * * ? *)"
                        },
                        "meta": {},
                        "tainted": false
                    },
                    "deposed": [],
                    "provider": "provider.aws"
                },
                "aws_cloudwatch_event_rule.jira": {
                    "type": "aws_cloudwatch_event_rule",
                    "depends_on": [],
                    "primary": {
                        "id": "sfc-jira-cloudwatch-rule",
                        "attributes": {
                            "arn": "arn:aws:events:us-west-2:833190679431:rule/sfc-jira-cloudwatch-rule",
                            "description": "rule to trigger the jira creation hourly",
                            "id": "sfc-jira-cloudwatch-rule",
                            "is_enabled": "true",
                            "name": "sfc-jira-cloudwatch-rule",
                            "role_arn": "",
                            "schedule_expression": "rate(1 hour)"
                        },
                        "meta": {},
                        "tainted": false
                    },
                    "deposed": [],
                    "provider": "provider.aws"
                },
                "aws_cloudwatch_event_rule.sfc-snowalert-jamf": {
                    "type": "aws_cloudwatch_event_rule",
                    "depends_on": [],
                    "primary": {
                        "id": "sfc-snowalert-jamf-cloudwatch-rule",
                        "attributes": {
                            "arn": "arn:aws:events:us-west-2:833190679431:rule/sfc-snowalert-jamf-cloudwatch-rule",
                            "description": "rule to trigger the jamf snowalert query daily",
                            "id": "sfc-snowalert-jamf-cloudwatch-rule",
                            "is_enabled": "true",
                            "name": "sfc-snowalert-jamf-cloudwatch-rule",
                            "role_arn": "",
                            "schedule_expression": "cron(5 10 * * ? *)"
                        },
                        "meta": {},
                        "tainted": false
                    },
                    "deposed": [],
                    "provider": "provider.aws"
                },
                "aws_cloudwatch_event_target.jamf": {
                    "type": "aws_cloudwatch_event_target",
                    "depends_on": [
                        "aws_cloudwatch_event_rule.jamf",
                        "aws_lambda_function.jamf-lambda"
                    ],
                    "primary": {
                        "id": "sfc-jamf-cloudwatch-rule-terraform-20180424201345786800000001",
                        "attributes": {
                            "arn": "arn:aws:lambda:us-west-2:833190679431:function:sfc-jamf",
                            "id": "sfc-jamf-cloudwatch-rule-terraform-20180424201345786800000001",
                            "input": "",
                            "input_path": "",
                            "role_arn": "",
                            "rule": "sfc-jamf-cloudwatch-rule",
                            "target_id": "terraform-20180424201345786800000001"
                        },
                        "meta": {},
                        "tainted": false
                    },
                    "deposed": [],
                    "provider": "provider.aws"
                },
                "aws_cloudwatch_event_target.jira": {
                    "type": "aws_cloudwatch_event_target",
                    "depends_on": [
                        "aws_cloudwatch_event_rule.jira",
                        "aws_lambda_function.sfc-snowalert-jira"
                    ],
                    "primary": {
                        "id": "sfc-jira-cloudwatch-rule-terraform-20180507221457763300000002",
                        "attributes": {
                            "arn": "arn:aws:lambda:us-west-2:833190679431:function:sfc-snowalert-jira",
                            "id": "sfc-jira-cloudwatch-rule-terraform-20180507221457763300000002",
                            "input": "",
                            "input_path": "",
                            "role_arn": "",
                            "rule": "sfc-jira-cloudwatch-rule",
                            "target_id": "terraform-20180507221457763300000002"
                        },
                        "meta": {},
                        "tainted": false
                    },
                    "deposed": [],
                    "provider": "provider.aws"
                },
                "aws_cloudwatch_event_target.sfc-snowalert-jamf": {
                    "type": "aws_cloudwatch_event_target",
                    "depends_on": [
                        "aws_cloudwatch_event_rule.sfc-snowalert-jamf",
                        "aws_lambda_function.sfc-snowalert-jamf"
                    ],
                    "primary": {
                        "id": "sfc-snowalert-jamf-cloudwatch-rule-terraform-20180507221457763300000001",
                        "attributes": {
                            "arn": "arn:aws:lambda:us-west-2:833190679431:function:sfc-snowalert-jamf",
                            "id": "sfc-snowalert-jamf-cloudwatch-rule-terraform-20180507221457763300000001",
                            "input": "",
                            "input_path": "",
                            "role_arn": "",
                            "rule": "sfc-snowalert-jamf-cloudwatch-rule",
                            "target_id": "terraform-20180507221457763300000001"
                        },
                        "meta": {},
                        "tainted": false
                    },
                    "deposed": [],
                    "provider": "provider.aws"
                },
                "aws_eip.lambda": {
                    "type": "aws_eip",
                    "depends_on": [],
                    "primary": {
                        "id": "eipalloc-07d27465396b954d6",
                        "attributes": {
                            "association_id": "eipassoc-75e47289",
                            "domain": "vpc",
                            "id": "eipalloc-07d27465396b954d6",
                            "instance": "",
                            "network_interface": "eni-a9b85590",
                            "private_ip": "10.7.29.74",
                            "public_ip": "54.218.191.39",
                            "tags.%": "0",
                            "vpc": "true"
                        },
                        "meta": {
                            "e2bfb730-ecaa-11e6-8f88-34363bc7c4c0": {
                                "delete": 180000000000,
                                "read": 900000000000,
                                "update": 300000000000
                            }
                        },
                        "tainted": false
                    },
                    "deposed": [],
                    "provider": "provider.aws"
                },
                "aws_iam_instance_profile.pbtest": {
                    "type": "aws_iam_instance_profile",
                    "depends_on": [
                        "aws_iam_role.pbtest"
                    ],
                    "primary": {
                        "id": "pbtest",
                        "attributes": {
                            "arn": "arn:aws:iam::833190679431:instance-profile/pbtest",
                            "id": "pbtest",
                            "name": "pbtest",
                            "path": "/",
                            "role": "pbtest",
                            "roles.#": "1",
                            "roles.2687052127": "pbtest",
                            "unique_id": "AIPAITYEMVL4LI5FCDGR4"
                        },
                        "meta": {},
                        "tainted": false
                    },
                    "deposed": [],
                    "provider": "provider.aws"
                },
                "aws_iam_policy.snowpipe_jamf": {
                    "type": "aws_iam_policy",
                    "depends_on": [
                        "aws_s3_bucket.jamf"
                    ],
                    "primary": {
                        "id": "arn:aws:iam::833190679431:policy/snowpipe_jamf",
                        "attributes": {
                            "arn": "arn:aws:iam::833190679431:policy/snowpipe_jamf",
                            "description": "Policy for Snowpipe with Jamf",
                            "id": "arn:aws:iam::833190679431:policy/snowpipe_jamf",
                            "name": "snowpipe_jamf",
                            "path": "/",
                            "policy": "{\n  \"Version\": \"2012-10-17\",\n  \"Statement\": [\n    {\n      \"Effect\": \"Allow\",\n      \"Action\": [\n        \"s3:GetObject\",\n        \"s3:GetObjectVersion\"\n      ],\n      \"Resource\": \"arn:aws:s3:::sfc-sec-jamf-logs/*\"\n    },\n    {\n      \"Effect\": \"Allow\",\n      \"Action\": [\n        \"s3:ListBucket\",\n        \"s3:GetAccellerateConfiguration\"\n      ],\n      \"Resource\": \"arn:aws:s3:::sfc-sec-jamf-logs\"\n    }\n  ]\n}\n"
                        },
                        "meta": {},
                        "tainted": false
                    },
                    "deposed": [],
                    "provider": "provider.aws"
                },
                "aws_iam_role.pbtest": {
                    "type": "aws_iam_role",
                    "depends_on": [],
                    "primary": {
                        "id": "pbtest",
                        "attributes": {
                            "arn": "arn:aws:iam::833190679431:role/pbtest",
                            "assume_role_policy": "{\"Version\":\"2012-10-17\",\"Statement\":[{\"Effect\":\"Allow\",\"Principal\":{\"Service\":\"ec2.amazonaws.com\"},\"Action\":\"sts:AssumeRole\"}]}",
                            "create_date": "2018-04-23T22:07:38Z",
                            "force_detach_policies": "false",
                            "id": "pbtest",
                            "max_session_duration": "3600",
                            "name": "pbtest",
                            "path": "/",
                            "unique_id": "AROAIRU5WWZO5MZAEDFVW"
                        },
                        "meta": {},
                        "tainted": false
                    },
                    "deposed": [],
                    "provider": "provider.aws"
                },
                "aws_iam_role.sf-stage-sfc-sec-jamf-logs": {
                    "type": "aws_iam_role",
                    "depends_on": [],
                    "primary": {
                        "id": "sf-stage-sfc-sec-jamf-logs",
                        "attributes": {
                            "arn": "arn:aws:iam::833190679431:role/sf-stage-sfc-sec-jamf-logs",
                            "assume_role_policy": "{\"Version\":\"2012-10-17\",\"Statement\":[{\"Effect\":\"Allow\",\"Principal\":{\"AWS\":\"arn:aws:iam::494544507972:user/mtm2-s-ssca0695\"},\"Action\":\"sts:AssumeRole\",\"Condition\":{\"StringEquals\":{\"sts:ExternalId\":\"OZ03309_SFCRole=4_/RzZzQpi4aYVMhr+73JzgiUYRmg=\"}}}]}",
                            "create_date": "2018-04-25T20:00:25Z",
                            "description": "Role for Snowflake to access the s3 bucket",
                            "force_detach_policies": "false",
                            "id": "sf-stage-sfc-sec-jamf-logs",
                            "max_session_duration": "3600",
                            "name": "sf-stage-sfc-sec-jamf-logs",
                            "path": "/",
                            "unique_id": "AROAJE65MAXZYLN7Y4QNG"
                        },
                        "meta": {},
                        "tainted": false
                    },
                    "deposed": [],
                    "provider": "provider.aws"
                },
                "aws_iam_role.sfc-jamf-role": {
                    "type": "aws_iam_role",
                    "depends_on": [],
                    "primary": {
                        "id": "sfc-jamf-role",
                        "attributes": {
                            "arn": "arn:aws:iam::833190679431:role/sfc-jamf-role",
                            "assume_role_policy": "{\"Version\":\"2012-10-17\",\"Statement\":[{\"Sid\":\"\",\"Effect\":\"Allow\",\"Principal\":{\"Service\":\"lambda.amazonaws.com\"},\"Action\":\"sts:AssumeRole\"}]}",
                            "create_date": "2018-04-23T20:12:52Z",
                            "description": "Role for the jamf lambda function",
                            "force_detach_policies": "false",
                            "id": "sfc-jamf-role",
                            "max_session_duration": "3600",
                            "name": "sfc-jamf-role",
                            "path": "/",
                            "unique_id": "AROAIDBZR5BGQPBB5236K"
                        },
                        "meta": {},
                        "tainted": false
                    },
                    "deposed": [],
                    "provider": "provider.aws"
                },
                "aws_iam_role.sfc-snowalert-role": {
                    "type": "aws_iam_role",
                    "depends_on": [],
                    "primary": {
                        "id": "sfc-snowalert-role",
                        "attributes": {
                            "arn": "arn:aws:iam::833190679431:role/sfc-snowalert-role",
                            "assume_role_policy": "{\"Version\":\"2012-10-17\",\"Statement\":[{\"Effect\":\"Allow\",\"Principal\":{\"Service\":\"lambda.amazonaws.com\"},\"Action\":\"sts:AssumeRole\"}]}",
                            "create_date": "2018-05-02T20:08:49Z",
                            "description": "Role for the Snowalert lambda function",
                            "force_detach_policies": "false",
                            "id": "sfc-snowalert-role",
                            "max_session_duration": "3600",
                            "name": "sfc-snowalert-role",
                            "path": "/",
                            "unique_id": "AROAI2L26JUREESXCBXJY"
                        },
                        "meta": {},
                        "tainted": false
                    },
                    "deposed": [],
                    "provider": "provider.aws"
                },
                "aws_iam_role_policy.jamf": {
                    "type": "aws_iam_role_policy",
                    "depends_on": [
                        "aws_iam_role.sfc-jamf-role",
                        "aws_kms_key.jamf-key",
                        "aws_s3_bucket.jamf"
                    ],
                    "primary": {
                        "id": "sfc-jamf-role:sfc-jamf-role",
                        "attributes": {
                            "id": "sfc-jamf-role:sfc-jamf-role",
                            "name": "sfc-jamf-role",
                            "policy": "{\n    \"Version\": \"2012-10-17\",\n    \"Statement\": [\n    {\n        \"Effect\": \"Allow\",\n        \"Action\": [\n            \"s3:PutObject\"\n            ],\n        \"Resource\": \"arn:aws:s3:::sfc-sec-jamf-logs/*\"\n    },\n    {\n        \"Effect\": \"Allow\",\n        \"Action\": [\n            \"kms:Decrypt\"\n        ],\n        \"Resource\": \"arn:aws:kms:us-west-2:833190679431:key/be301015-74a9-4023-9134-c3bbf91c4b2f\"\n    }\n  ]\n}\n",
                            "role": "sfc-jamf-role"
                        },
                        "meta": {},
                        "tainted": false
                    },
                    "deposed": [],
                    "provider": "provider.aws"
                },
                "aws_iam_role_policy.sf-stage-sfc-sec-jamf-logs": {
                    "type": "aws_iam_role_policy",
                    "depends_on": [
                        "aws_iam_role.sf-stage-sfc-sec-jamf-logs",
                        "aws_s3_bucket.jamf"
                    ],
                    "primary": {
                        "id": "sf-stage-sfc-sec-jamf-logs:sf-stage-sfc-sec-jamf-logs",
                        "attributes": {
                            "id": "sf-stage-sfc-sec-jamf-logs:sf-stage-sfc-sec-jamf-logs",
                            "name": "sf-stage-sfc-sec-jamf-logs",
                            "policy": "{\n  \"Version\": \"2012-10-17\",\n  \"Statement\": [\n    {\n      \"Effect\": \"Allow\",\n      \"Action\": [\n        \"s3:GetObject\",\n        \"s3:GetObjectVersion\"\n      ],\n      \"Resource\": [\n        \"arn:aws:s3:::sfc-sec-jamf-logs/*\"\n      ]\n    },\n    {\n      \"Effect\": \"Allow\",\n      \"Action\": [\n        \"s3:ListBucket\",\n        \"s3:GetAccelerateConfiguration\"\n      ],\n      \"Resource\": \"arn:aws:s3:::sfc-sec-jamf-logs\"\n    }\n  ]\n}\n",
                            "role": "sf-stage-sfc-sec-jamf-logs"
                        },
                        "meta": {},
                        "tainted": false
                    },
                    "deposed": [],
                    "provider": "provider.aws"
                },
                "aws_iam_role_policy.sfc-snowalert-role-policy": {
                    "type": "aws_iam_role_policy",
                    "depends_on": [
                        "aws_iam_role.sfc-snowalert-role",
                        "aws_kms_key.sfc-snowalert-key"
                    ],
                    "primary": {
                        "id": "sfc-snowalert-role:sfc-snowalert-role-policy",
                        "attributes": {
                            "id": "sfc-snowalert-role:sfc-snowalert-role-policy",
                            "name": "sfc-snowalert-role-policy",
                            "policy": "{\n  \"Version\": \"2012-10-17\",\n  \"Statement\": [\n    {\n      \"Effect\": \"Allow\",\n      \"Action\": [\n        \"kms:Decrypt\"\n      ],\n      \"Resource\": \"arn:aws:kms:us-west-2:833190679431:key/acf2c8c0-7b11-4b2b-9ac0-15c1a0a30b6b\"\n    }\n  ]\n}\n",
                            "role": "sfc-snowalert-role"
                        },
                        "meta": {},
                        "tainted": false
                    },
                    "deposed": [],
                    "provider": "provider.aws"
                },
                "aws_iam_role_policy_attachment.lambda-vpc-policy": {
                    "type": "aws_iam_role_policy_attachment",
                    "depends_on": [
                        "aws_iam_role.sfc-snowalert-role",
                        "data.aws_iam_policy.lambda-vpc-access"
                    ],
                    "primary": {
                        "id": "sfc-snowalert-role-20180503221718019300000001",
                        "attributes": {
                            "id": "sfc-snowalert-role-20180503221718019300000001",
                            "policy_arn": "arn:aws:iam::aws:policy/service-role/AWSLambdaVPCAccessExecutionRole",
                            "role": "sfc-snowalert-role"
                        },
                        "meta": {},
                        "tainted": false
                    },
                    "deposed": [],
                    "provider": "provider.aws"
                },
                "aws_iam_user.logs_sfc-dev": {
                    "type": "aws_iam_user",
                    "depends_on": [],
                    "primary": {
                        "id": "logs_sfc-dev",
                        "attributes": {
                            "arn": "arn:aws:iam::833190679431:user/logs_sfc-dev",
                            "force_destroy": "false",
                            "id": "logs_sfc-dev",
                            "name": "logs_sfc-dev",
                            "path": "/",
                            "unique_id": "AIDAIRQTQ2TWIWCO5AX3I"
                        },
                        "meta": {},
                        "tainted": false
                    },
                    "deposed": [],
                    "provider": "provider.aws"
                },
                "aws_iam_user.logs_sfc-security": {
                    "type": "aws_iam_user",
                    "depends_on": [],
                    "primary": {
                        "id": "logs_sfc-security",
                        "attributes": {
                            "arn": "arn:aws:iam::833190679431:user/logs_sfc-security",
                            "force_destroy": "false",
                            "id": "logs_sfc-security",
                            "name": "logs_sfc-security",
                            "path": "/",
                            "unique_id": "AIDAIOO6ZFU3PAYFTQRVI"
                        },
                        "meta": {},
                        "tainted": false
                    },
                    "deposed": [],
                    "provider": "provider.aws"
                },
                "aws_iam_user.snowflake_security_stage_user": {
                    "type": "aws_iam_user",
                    "depends_on": [],
                    "primary": {
                        "id": "snowflake_security_stage_user",
                        "attributes": {
                            "arn": "arn:aws:iam::833190679431:user/snowflake_security_stage_user",
                            "force_destroy": "false",
                            "id": "snowflake_security_stage_user",
                            "name": "snowflake_security_stage_user",
                            "path": "/",
                            "unique_id": "AIDAIBADRRJ3LIYPEG2C6"
                        },
                        "meta": {},
                        "tainted": false
                    },
                    "deposed": [],
                    "provider": "provider.aws"
                },
                "aws_iam_user_policy.logs_sfc-dev": {
                    "type": "aws_iam_user_policy",
                    "depends_on": [
                        "aws_iam_user.logs_sfc-dev",
                        "aws_s3_bucket.logs"
                    ],
                    "primary": {
                        "id": "logs_sfc-dev:logs_sfc-dev",
                        "attributes": {
                            "id": "logs_sfc-dev:logs_sfc-dev",
                            "name": "logs_sfc-dev",
                            "policy": "{\n    \"Version\": \"2012-10-17\",\n    \"Statement\": [\n        {\n            \"Effect\": \"Allow\",\n            \"Action\": [\n                \"s3:PutObject\"\n            ],\n            \"Resource\": \"arn:aws:s3:::sfc-sec-logs/aws/sfc-dev/*\"\n        }\n    ]\n}\n",
                            "user": "logs_sfc-dev"
                        },
                        "meta": {},
                        "tainted": false
                    },
                    "deposed": [],
                    "provider": "provider.aws"
                },
                "aws_iam_user_policy.logs_sfc-security": {
                    "type": "aws_iam_user_policy",
                    "depends_on": [
                        "aws_iam_user.logs_sfc-security",
                        "aws_s3_bucket.logs"
                    ],
                    "primary": {
                        "id": "logs_sfc-security:logs_sfc-security",
                        "attributes": {
                            "id": "logs_sfc-security:logs_sfc-security",
                            "name": "logs_sfc-security",
                            "policy": "{\n    \"Version\": \"2012-10-17\",\n    \"Statement\": [\n        {\n            \"Effect\": \"Allow\",\n            \"Action\": [\n                \"s3:PutObject\"            ],\n            \"Resource\": \"arn:aws:s3:::sfc-sec-logs/aws/sfc-security/*\"\n        }\n    ]\n}",
                            "user": "logs_sfc-security"
                        },
                        "meta": {},
                        "tainted": false
                    },
                    "deposed": [],
                    "provider": "provider.aws"
                },
                "aws_iam_user_policy.snowflake_security_stage_user_read": {
                    "type": "aws_iam_user_policy",
                    "depends_on": [
                        "aws_iam_user.snowflake_security_stage_user",
                        "aws_s3_bucket.logs"
                    ],
                    "primary": {
                        "id": "snowflake_security_stage_user:snowflake_security_stage_user_read",
                        "attributes": {
                            "id": "snowflake_security_stage_user:snowflake_security_stage_user_read",
                            "name": "snowflake_security_stage_user_read",
                            "policy": "{\n    \"Version\": \"2012-10-17\",\n    \"Statement\": [\n        {\n            \"Effect\": \"Allow\",\n            \"Action\": [\n                \"s3:GetObject\",\n                \"s3:GetObjectVersion\"\n            ],\n            \"Resource\": \"arn:aws:s3:::sfc-sec-logs/*\"\n        },\n        {\n            \"Effect\": \"Allow\",\n            \"Action\": [\n                \"s3:ListBucket\"\n            ],\n            \"Resource\": \"arn:aws:s3:::sfc-sec-logs\"\n        }\n    ]\n}\n",
                            "user": "snowflake_security_stage_user"
                        },
                        "meta": {},
                        "tainted": false
                    },
                    "deposed": [],
                    "provider": "provider.aws"
                },
                "aws_instance.pbtest.0": {
                    "type": "aws_instance",
                    "depends_on": [
                        "aws_iam_instance_profile.pbtest",
                        "aws_key_pair.pbennes_20150826",
                        "aws_subnet.usw2a",
                        "data.aws_ami.centos6",
                        "data.aws_security_group.default"
                    ],
                    "primary": {
                        "id": "i-0007d026102baab5c",
                        "attributes": {
                            "ami": "ami-8b44f2f3",
                            "associate_public_ip_address": "true",
                            "availability_zone": "us-west-2b",
                            "credit_specification.#": "1",
                            "credit_specification.0.cpu_credits": "standard",
                            "disable_api_termination": "false",
                            "ebs_block_device.#": "0",
                            "ebs_optimized": "false",
                            "ephemeral_block_device.#": "0",
                            "get_password_data": "false",
                            "iam_instance_profile": "pbtest",
                            "id": "i-0007d026102baab5c",
                            "instance_state": "running",
                            "instance_type": "t2.medium",
                            "ipv6_addresses.#": "0",
                            "key_name": "pbennes_20150826",
                            "monitoring": "false",
                            "network_interface.#": "0",
                            "network_interface_id": "eni-03d069d9bcd14380c",
                            "password_data": "",
                            "placement_group": "",
                            "primary_network_interface_id": "eni-03d069d9bcd14380c",
                            "private_dns": "ip-10-7-20-154.us-west-2.compute.internal",
                            "private_ip": "10.7.20.154",
                            "public_dns": "",
                            "public_ip": "35.160.167.51",
                            "root_block_device.#": "1",
                            "root_block_device.0.delete_on_termination": "false",
                            "root_block_device.0.iops": "0",
                            "root_block_device.0.volume_id": "vol-0dd6b580d136b804e",
                            "root_block_device.0.volume_size": "8",
                            "root_block_device.0.volume_type": "standard",
                            "security_groups.#": "0",
                            "source_dest_check": "true",
                            "subnet_id": "subnet-0e47496dbd15a9423",
                            "tags.%": "1",
                            "tags.Name": "pbtest0",
                            "tenancy": "default",
                            "volume_tags.%": "0",
                            "vpc_security_group_ids.#": "1",
                            "vpc_security_group_ids.281988017": "sg-0f65fa84d7bdc98bb"
                        },
                        "meta": {
                            "e2bfb730-ecaa-11e6-8f88-34363bc7c4c0": {
                                "create": 600000000000,
                                "delete": 1200000000000,
                                "update": 600000000000
                            },
                            "schema_version": "1"
                        },
                        "tainted": false
                    },
                    "deposed": [],
                    "provider": "provider.aws"
                },
                "aws_instance.pbtest.1": {
                    "type": "aws_instance",
                    "depends_on": [
                        "aws_iam_instance_profile.pbtest",
                        "aws_key_pair.pbennes_20150826",
                        "aws_subnet.usw2a",
                        "data.aws_ami.centos6",
                        "data.aws_security_group.default"
                    ],
                    "primary": {
                        "id": "i-0e34a577601f63486",
                        "attributes": {
                            "ami": "ami-8b44f2f3",
                            "associate_public_ip_address": "true",
                            "availability_zone": "us-west-2b",
                            "credit_specification.#": "1",
                            "credit_specification.0.cpu_credits": "standard",
                            "disable_api_termination": "false",
                            "ebs_block_device.#": "0",
                            "ebs_optimized": "false",
                            "ephemeral_block_device.#": "0",
                            "get_password_data": "false",
                            "iam_instance_profile": "pbtest",
                            "id": "i-0e34a577601f63486",
                            "instance_state": "running",
                            "instance_type": "t2.medium",
                            "ipv6_addresses.#": "0",
                            "key_name": "pbennes_20150826",
                            "monitoring": "false",
                            "network_interface.#": "0",
                            "network_interface_id": "eni-036e80904b5b0b607",
                            "password_data": "",
                            "placement_group": "",
                            "primary_network_interface_id": "eni-036e80904b5b0b607",
                            "private_dns": "ip-10-7-6-47.us-west-2.compute.internal",
                            "private_ip": "10.7.6.47",
                            "public_dns": "",
                            "public_ip": "54.190.61.147",
                            "root_block_device.#": "1",
                            "root_block_device.0.delete_on_termination": "false",
                            "root_block_device.0.iops": "0",
                            "root_block_device.0.volume_id": "vol-0c2c22f495a56631c",
                            "root_block_device.0.volume_size": "8",
                            "root_block_device.0.volume_type": "standard",
                            "security_groups.#": "0",
                            "source_dest_check": "true",
                            "subnet_id": "subnet-0e47496dbd15a9423",
                            "tags.%": "1",
                            "tags.Name": "pbtest1",
                            "tenancy": "default",
                            "volume_tags.%": "0",
                            "vpc_security_group_ids.#": "1",
                            "vpc_security_group_ids.281988017": "sg-0f65fa84d7bdc98bb"
                        },
                        "meta": {
                            "e2bfb730-ecaa-11e6-8f88-34363bc7c4c0": {
                                "create": 600000000000,
                                "delete": 1200000000000,
                                "update": 600000000000
                            },
                            "schema_version": "1"
                        },
                        "tainted": false
                    },
                    "deposed": [],
                    "provider": "provider.aws"
                },
                "aws_instance.pbtest.2": {
                    "type": "aws_instance",
                    "depends_on": [
                        "aws_iam_instance_profile.pbtest",
                        "aws_key_pair.pbennes_20150826",
                        "aws_subnet.usw2a",
                        "data.aws_ami.centos6",
                        "data.aws_security_group.default"
                    ],
                    "primary": {
                        "id": "i-045cd6438ee6e988d",
                        "attributes": {
                            "ami": "ami-8b44f2f3",
                            "associate_public_ip_address": "true",
                            "availability_zone": "us-west-2b",
                            "credit_specification.#": "1",
                            "credit_specification.0.cpu_credits": "standard",
                            "disable_api_termination": "false",
                            "ebs_block_device.#": "0",
                            "ebs_optimized": "false",
                            "ephemeral_block_device.#": "0",
                            "get_password_data": "false",
                            "iam_instance_profile": "pbtest",
                            "id": "i-045cd6438ee6e988d",
                            "instance_state": "running",
                            "instance_type": "t2.medium",
                            "ipv6_addresses.#": "0",
                            "key_name": "pbennes_20150826",
                            "monitoring": "false",
                            "network_interface.#": "0",
                            "network_interface_id": "eni-021fa057cf0459367",
                            "password_data": "",
                            "placement_group": "",
                            "primary_network_interface_id": "eni-021fa057cf0459367",
                            "private_dns": "ip-10-7-9-119.us-west-2.compute.internal",
                            "private_ip": "10.7.9.119",
                            "public_dns": "",
                            "public_ip": "34.217.63.63",
                            "root_block_device.#": "1",
                            "root_block_device.0.delete_on_termination": "false",
                            "root_block_device.0.iops": "0",
                            "root_block_device.0.volume_id": "vol-02316d95719a8956a",
                            "root_block_device.0.volume_size": "8",
                            "root_block_device.0.volume_type": "standard",
                            "security_groups.#": "0",
                            "source_dest_check": "true",
                            "subnet_id": "subnet-0e47496dbd15a9423",
                            "tags.%": "1",
                            "tags.Name": "pbtest2",
                            "tenancy": "default",
                            "volume_tags.%": "0",
                            "vpc_security_group_ids.#": "1",
                            "vpc_security_group_ids.281988017": "sg-0f65fa84d7bdc98bb"
                        },
                        "meta": {
                            "e2bfb730-ecaa-11e6-8f88-34363bc7c4c0": {
                                "create": 600000000000,
                                "delete": 1200000000000,
                                "update": 600000000000
                            },
                            "schema_version": "1"
                        },
                        "tainted": false
                    },
                    "deposed": [],
                    "provider": "provider.aws"
                },
                "aws_internet_gateway.igw": {
                    "type": "aws_internet_gateway",
                    "depends_on": [
                        "aws_vpc.main"
                    ],
                    "primary": {
                        "id": "igw-0c86383e1db25e943",
                        "attributes": {
                            "id": "igw-0c86383e1db25e943",
                            "tags.%": "0",
                            "vpc_id": "vpc-05a47b4c84e0d2eab"
                        },
                        "meta": {},
                        "tainted": false
                    },
                    "deposed": [],
                    "provider": "provider.aws"
                },
                "aws_key_pair.pbennes_20150826": {
                    "type": "aws_key_pair",
                    "depends_on": [],
                    "primary": {
                        "id": "pbennes_20150826",
                        "attributes": {
                            "fingerprint": "2d:85:35:56:7b:65:86:39:50:9e:c9:11:22:76:ef:4b",
                            "id": "pbennes_20150826",
                            "key_name": "pbennes_20150826",
                            "public_key": "ssh-rsa AAAAB3NzaC1yc2EAAAADAQABAAABAQCVqMx2qrR0IUKu6OsmcAFYrLoZ6GidTbud/m4vQ+mlVrOtRVGyA58/5btzAoHnnjUWvHooMDlCZKgCEioj0xkL/Zml7RfNkIVdrG6lTgQpKxGitZrLQLj3YBvEvER4kXqhWbZMUpiXwNIQ7zaZXUCfSg7fDVh2plg4xdQhMD31Ai8lQfsMifarIa7mW3eCKJx2z6DR0GI+msA7JrKRCBTpT6lBjXcy2kyNVzF2R9rSWcMcW69cR+uJMluwGky7oDuvB0z27OnMM7ioQf095E9uu4uBaCEiRDz3/FnAmE45/4AJBYNLY256JsaoaE8eD8M4qjbq8RVrrMahaHPb27Zt"
                        },
                        "meta": {
                            "schema_version": "1"
                        },
                        "tainted": false
                    },
                    "deposed": [],
                    "provider": "provider.aws"
                },
                "aws_kms_alias.sfc-snowalert-key": {
                    "type": "aws_kms_alias",
                    "depends_on": [
                        "aws_kms_key.sfc-snowalert-key"
                    ],
                    "primary": {
                        "id": "alias/sfc-snowalert-key",
                        "attributes": {
                            "arn": "arn:aws:kms:us-west-2:833190679431:alias/sfc-snowalert-key",
                            "id": "alias/sfc-snowalert-key",
                            "name": "alias/sfc-snowalert-key",
                            "target_key_arn": "arn:aws:kms:us-west-2:833190679431:key/acf2c8c0-7b11-4b2b-9ac0-15c1a0a30b6b",
                            "target_key_id": "acf2c8c0-7b11-4b2b-9ac0-15c1a0a30b6b"
                        },
                        "meta": {},
                        "tainted": false
                    },
                    "deposed": [],
                    "provider": "provider.aws"
                },
                "aws_kms_key.jamf-key": {
                    "type": "aws_kms_key",
                    "depends_on": [],
                    "primary": {
                        "id": "be301015-74a9-4023-9134-c3bbf91c4b2f",
                        "attributes": {
                            "arn": "arn:aws:kms:us-west-2:833190679431:key/be301015-74a9-4023-9134-c3bbf91c4b2f",
                            "description": "This key encrypts the auth header for sfc-jamf lambda",
                            "enable_key_rotation": "false",
                            "id": "be301015-74a9-4023-9134-c3bbf91c4b2f",
                            "is_enabled": "true",
                            "key_id": "be301015-74a9-4023-9134-c3bbf91c4b2f",
                            "key_usage": "ENCRYPT_DECRYPT",
                            "policy": "{\"Id\":\"key-default-1\",\"Statement\":[{\"Action\":\"kms:*\",\"Effect\":\"Allow\",\"Principal\":{\"AWS\":\"arn:aws:iam::833190679431:root\"},\"Resource\":\"*\",\"Sid\":\"Enable IAM User Permissions\"}],\"Version\":\"2012-10-17\"}",
                            "tags.%": "0"
                        },
                        "meta": {},
                        "tainted": false
                    },
                    "deposed": [],
                    "provider": "provider.aws"
                },
                "aws_kms_key.sfc-snowalert-key": {
                    "type": "aws_kms_key",
                    "depends_on": [],
                    "primary": {
                        "id": "acf2c8c0-7b11-4b2b-9ac0-15c1a0a30b6b",
                        "attributes": {
                            "arn": "arn:aws:kms:us-west-2:833190679431:key/acf2c8c0-7b11-4b2b-9ac0-15c1a0a30b6b",
                            "description": "This key encrypts the credentials for the snowalert user in Snowflake",
                            "enable_key_rotation": "false",
                            "id": "acf2c8c0-7b11-4b2b-9ac0-15c1a0a30b6b",
                            "is_enabled": "true",
                            "key_id": "acf2c8c0-7b11-4b2b-9ac0-15c1a0a30b6b",
                            "key_usage": "ENCRYPT_DECRYPT",
                            "policy": "{\"Id\":\"key-default-1\",\"Statement\":[{\"Action\":\"kms:*\",\"Effect\":\"Allow\",\"Principal\":{\"AWS\":\"arn:aws:iam::833190679431:root\"},\"Resource\":\"*\",\"Sid\":\"Enable IAM User Permissions\"}],\"Version\":\"2012-10-17\"}",
                            "tags.%": "0"
                        },
                        "meta": {},
                        "tainted": false
                    },
                    "deposed": [],
                    "provider": "provider.aws"
                },
                "aws_lambda_function.jamf-lambda": {
                    "type": "aws_lambda_function",
                    "depends_on": [
                        "aws_iam_role.sfc-jamf-role"
                    ],
                    "primary": {
                        "id": "sfc-jamf",
                        "attributes": {
                            "arn": "arn:aws:lambda:us-west-2:833190679431:function:sfc-jamf",
                            "dead_letter_config.#": "0",
                            "description": "",
                            "environment.#": "1",
                            "environment.0.variables.%": "1",
                            "environment.0.variables.auth": "AQICAHjyiS/Viv2yzlmrktqqbT5YyYFQRzG6QsdTrzP9wrHR1wECDP0uvaexXOi9HJWFfltqAAAAjTCBigYJKoZIhvcNAQcGoH0wewIBADB2BgkqhkiG9w0BBwEwHgYJYIZIAWUDBAEuMBEEDJyi1ZIq5VMGsHVsCQIBEIBJWeKrEx33i1KHpVMQR+6I2CTdf1f/ScAHgpBw3QUoimrsplaXP1xVTrd5O+pzefTwA6eblpsuJFByY+kLFJDJl3a4rB1MSwtOIg==",
                            "filename": "sfc-jamf.zip",
                            "function_name": "sfc-jamf",
                            "handler": "sfc-jamf.lambda_handler",
                            "id": "sfc-jamf",
                            "invoke_arn": "arn:aws:apigateway:us-west-2:lambda:path/2015-03-31/functions/arn:aws:lambda:us-west-2:833190679431:function:sfc-jamf/invocations",
                            "kms_key_arn": "",
                            "last_modified": "2018-05-01T18:00:52.225+0000",
                            "memory_size": "128",
                            "publish": "false",
                            "qualified_arn": "arn:aws:lambda:us-west-2:833190679431:function:sfc-jamf:$LATEST",
                            "reserved_concurrent_executions": "0",
                            "role": "arn:aws:iam::833190679431:role/sfc-jamf-role",
                            "runtime": "python3.6",
                            "source_code_hash": "AGzCs0nZ44MNYqbR+7rZ2ggElXC2oPZ/PFR08YEBTFc=",
                            "source_code_size": "1036",
                            "tags.%": "0",
                            "timeout": "300",
                            "tracing_config.#": "1",
                            "tracing_config.0.mode": "PassThrough",
                            "version": "$LATEST",
                            "vpc_config.#": "0"
                        },
                        "meta": {},
                        "tainted": false
                    },
                    "deposed": [],
                    "provider": "provider.aws"
                },
                "aws_lambda_function.sfc-snowalert-assumerole-lambda": {
                    "type": "aws_lambda_function",
                    "depends_on": [
                        "aws_iam_role.sfc-snowalert-role",
                        "aws_s3_bucket.sfc-snowalert-s3"
                    ],
                    "primary": {
                        "id": "sfc-snowalert-assumerole-lambda",
                        "attributes": {
                            "arn": "arn:aws:lambda:us-west-2:833190679431:function:sfc-snowalert-assumerole-lambda",
                            "dead_letter_config.#": "0",
                            "description": "",
                            "environment.#": "1",
                            "environment.0.variables.%": "1",
                            "environment.0.variables.auth": "AQICAHgeGObvsFH0axIIfBAFflcHJOlt9LDwyCYJs4w3Jr9VKgECTNEgwZ1y00u/GPsWaa2JAAAAgzCBgAYJKoZIhvcNAQcGoHMwcQIBADBsBgkqhkiG9w0BBwEwHgYJYIZIAWUDBAEuMBEEDHFdGEhzt92fguNLlwIBEIA/Hnb+jnpkz6ZSiI1zfG7pLgE0jQvZDcPTuMNv4X79uJcMIXAM3Q5wT+CnDO4NCSGeUTqX0heH6krmQqyF2o7m",
                            "filename": "",
                            "function_name": "sfc-snowalert-assumerole-lambda",
                            "handler": "snowalert-assumerole.lambda_handler",
                            "id": "sfc-snowalert-assumerole-lambda",
                            "invoke_arn": "arn:aws:apigateway:us-west-2:lambda:path/2015-03-31/functions/arn:aws:lambda:us-west-2:833190679431:function:sfc-snowalert-assumerole-lambda/invocations",
                            "kms_key_arn": "",
                            "last_modified": "2018-05-07T19:56:57.751+0000",
                            "memory_size": "128",
                            "publish": "false",
                            "qualified_arn": "arn:aws:lambda:us-west-2:833190679431:function:sfc-snowalert-assumerole-lambda:$LATEST",
                            "reserved_concurrent_executions": "0",
                            "role": "arn:aws:iam::833190679431:role/sfc-snowalert-role",
                            "runtime": "python3.6",
                            "s3_bucket": "sfc-snowalert-deploy",
                            "s3_key": "snowalert-assumerole.zip",
                            "source_code_hash": "Mic6LYrI7F43/rYlERa9Dnz1vMm7XwU3HGn3DugwAsI=",
                            "source_code_size": "23792333",
                            "tags.%": "0",
                            "timeout": "120",
                            "tracing_config.#": "1",
                            "tracing_config.0.mode": "PassThrough",
                            "version": "$LATEST",
                            "vpc_config.#": "1",
                            "vpc_config.0.security_group_ids.#": "1",
                            "vpc_config.0.security_group_ids.281988017": "sg-0f65fa84d7bdc98bb",
                            "vpc_config.0.subnet_ids.#": "1",
                            "vpc_config.0.subnet_ids.2164828730": "subnet-09e219cf8f803d97a",
                            "vpc_config.0.vpc_id": "vpc-05a47b4c84e0d2eab"
                        },
                        "meta": {},
                        "tainted": false
                    },
                    "deposed": [],
                    "provider": "provider.aws"
                },
                "aws_lambda_function.sfc-snowalert-jamf": {
                    "type": "aws_lambda_function",
                    "depends_on": [
                        "aws_iam_role.sfc-snowalert-role",
                        "aws_s3_bucket.sfc-snowalert-s3"
                    ],
                    "primary": {
                        "id": "sfc-snowalert-jamf",
                        "attributes": {
                            "arn": "arn:aws:lambda:us-west-2:833190679431:function:sfc-snowalert-jamf",
                            "dead_letter_config.#": "0",
                            "description": "",
                            "environment.#": "1",
                            "environment.0.variables.%": "1",
                            "environment.0.variables.auth": "AQICAHgeGObvsFH0axIIfBAFflcHJOlt9LDwyCYJs4w3Jr9VKgECTNEgwZ1y00u/GPsWaa2JAAAAgzCBgAYJKoZIhvcNAQcGoHMwcQIBADBsBgkqhkiG9w0BBwEwHgYJYIZIAWUDBAEuMBEEDHFdGEhzt92fguNLlwIBEIA/Hnb+jnpkz6ZSiI1zfG7pLgE0jQvZDcPTuMNv4X79uJcMIXAM3Q5wT+CnDO4NCSGeUTqX0heH6krmQqyF2o7m",
                            "function_name": "sfc-snowalert-jamf",
                            "handler": "jamf_alert.lambda_handler",
                            "id": "sfc-snowalert-jamf",
                            "invoke_arn": "arn:aws:apigateway:us-west-2:lambda:path/2015-03-31/functions/arn:aws:lambda:us-west-2:833190679431:function:sfc-snowalert-jamf/invocations",
                            "kms_key_arn": "",
                            "last_modified": "2018-05-04T22:10:41.970+0000",
                            "memory_size": "128",
                            "publish": "false",
                            "qualified_arn": "arn:aws:lambda:us-west-2:833190679431:function:sfc-snowalert-jamf:$LATEST",
                            "reserved_concurrent_executions": "0",
                            "role": "arn:aws:iam::833190679431:role/sfc-snowalert-role",
                            "runtime": "python3.6",
                            "s3_bucket": "sfc-snowalert-deploy",
                            "s3_key": "jamf_alert.zip",
                            "source_code_hash": "qcEoplU6maLyxq+dygnlG2CIsSUqCd9BiYFlRsknqzs=",
                            "source_code_size": "23784098",
                            "tags.%": "0",
                            "timeout": "120",
                            "tracing_config.#": "1",
                            "tracing_config.0.mode": "PassThrough",
                            "version": "$LATEST",
                            "vpc_config.#": "1",
                            "vpc_config.0.security_group_ids.#": "1",
                            "vpc_config.0.security_group_ids.281988017": "sg-0f65fa84d7bdc98bb",
                            "vpc_config.0.subnet_ids.#": "1",
                            "vpc_config.0.subnet_ids.2164828730": "subnet-09e219cf8f803d97a",
                            "vpc_config.0.vpc_id": "vpc-05a47b4c84e0d2eab"
                        },
                        "meta": {},
                        "tainted": false
                    },
                    "deposed": [],
                    "provider": "provider.aws"
                },
                "aws_lambda_function.sfc-snowalert-jira": {
                    "type": "aws_lambda_function",
                    "depends_on": [
                        "aws_iam_role.sfc-snowalert-role",
                        "aws_s3_bucket.sfc-snowalert-s3"
                    ],
                    "primary": {
                        "id": "sfc-snowalert-jira",
                        "attributes": {
                            "arn": "arn:aws:lambda:us-west-2:833190679431:function:sfc-snowalert-jira",
                            "dead_letter_config.#": "0",
                            "description": "",
                            "environment.#": "1",
                            "environment.0.variables.%": "5",
                            "environment.0.variables.JIRA_API_PASSWORD": "AQICAHgeGObvsFH0axIIfBAFflcHJOlt9LDwyCYJs4w3Jr9VKgFuSks/ctzocW/WO638WDTwAAAAfTB7BgkqhkiG9w0BBwagbjBsAgEAMGcGCSqGSIb3DQEHATAeBglghkgBZQMEAS4wEQQMpFZWE9DXDmG7L6uzAgEQgDqz+nCLSg2c5fFpTrJs1fT4rWS/b7O3pJUuflGygUsQ8mhXVEk58NBA4YvVONQFoW9mzwt0Qo/Lt2Yz",
                            "environment.0.variables.JIRA_API_USER": "snowalert@snowflake.net",
                            "environment.0.variables.SNOWALERT_ACCOUNT": "oz03309",
                            "environment.0.variables.SNOWALERT_PASSWORD": "AQICAHgeGObvsFH0axIIfBAFflcHJOlt9LDwyCYJs4w3Jr9VKgECTNEgwZ1y00u/GPsWaa2JAAAAgzCBgAYJKoZIhvcNAQcGoHMwcQIBADBsBgkqhkiG9w0BBwEwHgYJYIZIAWUDBAEuMBEEDHFdGEhzt92fguNLlwIBEIA/Hnb+jnpkz6ZSiI1zfG7pLgE0jQvZDcPTuMNv4X79uJcMIXAM3Q5wT+CnDO4NCSGeUTqX0heH6krmQqyF2o7m",
                            "environment.0.variables.SNOWALERT_USER": "snowalert",
                            "filename": "",
                            "function_name": "sfc-snowalert-jira",
                            "handler": "alert_handler.lambda_handler",
                            "id": "sfc-snowalert-jira",
                            "invoke_arn": "arn:aws:apigateway:us-west-2:lambda:path/2015-03-31/functions/arn:aws:lambda:us-west-2:833190679431:function:sfc-snowalert-jira/invocations",
                            "kms_key_arn": "",
                            "last_modified": "2018-05-07T20:50:25.849+0000",
                            "memory_size": "128",
                            "publish": "false",
                            "qualified_arn": "arn:aws:lambda:us-west-2:833190679431:function:sfc-snowalert-jira:$LATEST",
                            "reserved_concurrent_executions": "0",
                            "role": "arn:aws:iam::833190679431:role/sfc-snowalert-role",
                            "runtime": "python3.6",
                            "s3_bucket": "sfc-snowalert-deploy",
                            "s3_key": "alert_handler.zip",
                            "source_code_hash": "KULvBMZ9+90B6JLazZU4WyFAd5AYlRb8Q245bI3dAyc=",
                            "source_code_size": "24602035",
                            "tags.%": "0",
                            "timeout": "300",
                            "tracing_config.#": "1",
                            "tracing_config.0.mode": "PassThrough",
                            "version": "$LATEST",
                            "vpc_config.#": "1",
                            "vpc_config.0.security_group_ids.#": "1",
                            "vpc_config.0.security_group_ids.281988017": "sg-0f65fa84d7bdc98bb",
                            "vpc_config.0.subnet_ids.#": "1",
                            "vpc_config.0.subnet_ids.2164828730": "subnet-09e219cf8f803d97a",
                            "vpc_config.0.vpc_id": "vpc-05a47b4c84e0d2eab"
                        },
                        "meta": {},
                        "tainted": false
                    },
                    "deposed": [],
                    "provider": "provider.aws"
                },
                "aws_nat_gateway.lambda": {
                    "type": "aws_nat_gateway",
                    "depends_on": [
                        "aws_eip.lambda",
                        "aws_subnet.usw2a"
                    ],
                    "primary": {
                        "id": "nat-05719e595220489de",
                        "attributes": {
                            "allocation_id": "eipalloc-07d27465396b954d6",
                            "id": "nat-05719e595220489de",
                            "network_interface_id": "eni-a9b85590",
                            "private_ip": "10.7.29.74",
                            "public_ip": "54.218.191.39",
                            "subnet_id": "subnet-0e47496dbd15a9423",
                            "tags.%": "0"
                        },
                        "meta": {},
                        "tainted": false
                    },
                    "deposed": [],
                    "provider": "provider.aws"
                },
                "aws_route.igw": {
                    "type": "aws_route",
                    "depends_on": [
                        "aws_internet_gateway.igw",
                        "data.aws_route_table.pbtestigw"
                    ],
                    "primary": {
                        "id": "r-rtb-0706a982634175bc01080289494",
                        "attributes": {
                            "destination_cidr_block": "0.0.0.0/0",
                            "destination_prefix_list_id": "",
                            "egress_only_gateway_id": "",
                            "gateway_id": "igw-0c86383e1db25e943",
                            "id": "r-rtb-0706a982634175bc01080289494",
                            "instance_id": "",
                            "instance_owner_id": "",
                            "nat_gateway_id": "",
                            "network_interface_id": "",
                            "origin": "CreateRoute",
                            "route_table_id": "rtb-0706a982634175bc0",
                            "state": "active",
                            "vpc_peering_connection_id": ""
                        },
                        "meta": {
                            "e2bfb730-ecaa-11e6-8f88-34363bc7c4c0": {
                                "create": 120000000000,
                                "delete": 300000000000
                            }
                        },
                        "tainted": false
                    },
                    "deposed": [],
                    "provider": "provider.aws"
                },
                "aws_route.nat": {
                    "type": "aws_route",
                    "depends_on": [
                        "aws_nat_gateway.lambda",
                        "aws_route_table.nat"
                    ],
                    "primary": {
                        "id": "r-rtb-07f051f3dcfa516761080289494",
                        "attributes": {
                            "destination_cidr_block": "0.0.0.0/0",
                            "destination_prefix_list_id": "",
                            "egress_only_gateway_id": "",
                            "gateway_id": "",
                            "id": "r-rtb-07f051f3dcfa516761080289494",
                            "instance_id": "",
                            "instance_owner_id": "",
                            "nat_gateway_id": "nat-05719e595220489de",
                            "network_interface_id": "",
                            "origin": "CreateRoute",
                            "route_table_id": "rtb-07f051f3dcfa51676",
                            "state": "active",
                            "vpc_peering_connection_id": ""
                        },
                        "meta": {
                            "e2bfb730-ecaa-11e6-8f88-34363bc7c4c0": {
                                "create": 120000000000,
                                "delete": 300000000000
                            }
                        },
                        "tainted": false
                    },
                    "deposed": [],
                    "provider": "provider.aws"
                },
                "aws_route_table.nat": {
                    "type": "aws_route_table",
                    "depends_on": [
                        "aws_vpc.main"
                    ],
                    "primary": {
                        "id": "rtb-07f051f3dcfa51676",
                        "attributes": {
                            "id": "rtb-07f051f3dcfa51676",
                            "propagating_vgws.#": "0",
                            "route.#": "1",
                            "route.1064594648.cidr_block": "0.0.0.0/0",
                            "route.1064594648.egress_only_gateway_id": "",
                            "route.1064594648.gateway_id": "",
                            "route.1064594648.instance_id": "",
                            "route.1064594648.ipv6_cidr_block": "",
                            "route.1064594648.nat_gateway_id": "nat-05719e595220489de",
                            "route.1064594648.network_interface_id": "",
                            "route.1064594648.vpc_peering_connection_id": "",
                            "tags.%": "1",
                            "tags.Name": "nat",
                            "vpc_id": "vpc-05a47b4c84e0d2eab"
                        },
                        "meta": {},
                        "tainted": false
                    },
                    "deposed": [],
                    "provider": "provider.aws"
                },
                "aws_route_table_association.lambda": {
                    "type": "aws_route_table_association",
                    "depends_on": [
                        "aws_route_table.nat",
                        "aws_subnet.lambda"
                    ],
                    "primary": {
                        "id": "rtbassoc-0f68cc043faf999ba",
                        "attributes": {
                            "id": "rtbassoc-0f68cc043faf999ba",
                            "route_table_id": "rtb-07f051f3dcfa51676",
                            "subnet_id": "subnet-09e219cf8f803d97a"
                        },
                        "meta": {},
                        "tainted": false
                    },
                    "deposed": [],
                    "provider": "provider.aws"
                },
                "aws_s3_bucket.hibp": {
                    "type": "aws_s3_bucket",
                    "depends_on": [],
                    "primary": {
                        "id": "sfc-sec-hibp",
                        "attributes": {
                            "acceleration_status": "",
                            "acl": "private",
                            "arn": "arn:aws:s3:::sfc-sec-hibp",
                            "bucket": "sfc-sec-hibp",
                            "bucket_domain_name": "sfc-sec-hibp.s3.amazonaws.com",
                            "force_destroy": "false",
                            "hosted_zone_id": "Z3BJ6K6RIION7M",
                            "id": "sfc-sec-hibp",
                            "logging.#": "0",
                            "region": "us-west-2",
                            "replication_configuration.#": "0",
                            "request_payer": "BucketOwner",
                            "server_side_encryption_configuration.#": "1",
                            "server_side_encryption_configuration.0.rule.#": "1",
                            "server_side_encryption_configuration.0.rule.0.apply_server_side_encryption_by_default.#": "1",
                            "server_side_encryption_configuration.0.rule.0.apply_server_side_encryption_by_default.0.kms_master_key_id": "",
                            "server_side_encryption_configuration.0.rule.0.apply_server_side_encryption_by_default.0.sse_algorithm": "AES256",
                            "tags.%": "0",
                            "versioning.#": "1",
                            "versioning.0.enabled": "false",
                            "versioning.0.mfa_delete": "false",
                            "website.#": "0"
                        },
                        "meta": {},
                        "tainted": false
                    },
                    "deposed": [],
                    "provider": "provider.aws"
                },
                "aws_s3_bucket.jamf": {
                    "type": "aws_s3_bucket",
                    "depends_on": [],
                    "primary": {
                        "id": "sfc-sec-jamf-logs",
                        "attributes": {
                            "acceleration_status": "",
                            "acl": "private",
                            "arn": "arn:aws:s3:::sfc-sec-jamf-logs",
                            "bucket": "sfc-sec-jamf-logs",
                            "bucket_domain_name": "sfc-sec-jamf-logs.s3.amazonaws.com",
                            "force_destroy": "false",
                            "hosted_zone_id": "Z3BJ6K6RIION7M",
                            "id": "sfc-sec-jamf-logs",
                            "logging.#": "0",
                            "region": "us-west-2",
                            "replication_configuration.#": "0",
                            "request_payer": "BucketOwner",
                            "server_side_encryption_configuration.#": "1",
                            "server_side_encryption_configuration.0.rule.#": "1",
                            "server_side_encryption_configuration.0.rule.0.apply_server_side_encryption_by_default.#": "1",
                            "server_side_encryption_configuration.0.rule.0.apply_server_side_encryption_by_default.0.kms_master_key_id": "",
                            "server_side_encryption_configuration.0.rule.0.apply_server_side_encryption_by_default.0.sse_algorithm": "AES256",
                            "tags.%": "0",
                            "versioning.#": "1",
                            "versioning.0.enabled": "false",
                            "versioning.0.mfa_delete": "false",
                            "website.#": "0"
                        },
                        "meta": {},
                        "tainted": false
                    },
                    "deposed": [],
                    "provider": "provider.aws"
                },
                "aws_s3_bucket.logs": {
                    "type": "aws_s3_bucket",
                    "depends_on": [],
                    "primary": {
                        "id": "sfc-sec-logs",
                        "attributes": {
                            "acceleration_status": "",
                            "acl": "log-delivery-write",
                            "arn": "arn:aws:s3:::sfc-sec-logs",
                            "bucket": "sfc-sec-logs",
                            "bucket_domain_name": "sfc-sec-logs.s3.amazonaws.com",
                            "force_destroy": "false",
                            "hosted_zone_id": "Z3BJ6K6RIION7M",
                            "id": "sfc-sec-logs",
                            "logging.#": "0",
                            "region": "us-west-2",
                            "replication_configuration.#": "0",
                            "request_payer": "BucketOwner",
                            "server_side_encryption_configuration.#": "1",
                            "server_side_encryption_configuration.0.rule.#": "1",
                            "server_side_encryption_configuration.0.rule.0.apply_server_side_encryption_by_default.#": "1",
                            "server_side_encryption_configuration.0.rule.0.apply_server_side_encryption_by_default.0.kms_master_key_id": "",
                            "server_side_encryption_configuration.0.rule.0.apply_server_side_encryption_by_default.0.sse_algorithm": "AES256",
                            "tags.%": "0",
                            "versioning.#": "1",
                            "versioning.0.enabled": "true",
                            "versioning.0.mfa_delete": "false",
                            "website.#": "0"
                        },
                        "meta": {},
                        "tainted": false
                    },
                    "deposed": [],
                    "provider": "provider.aws"
                },
                "aws_s3_bucket.sfc-snowalert-s3": {
                    "type": "aws_s3_bucket",
                    "depends_on": [],
                    "primary": {
                        "id": "sfc-snowalert-deploy",
                        "attributes": {
                            "acceleration_status": "",
                            "acl": "private",
                            "arn": "arn:aws:s3:::sfc-snowalert-deploy",
                            "bucket": "sfc-snowalert-deploy",
                            "bucket_domain_name": "sfc-snowalert-deploy.s3.amazonaws.com",
                            "force_destroy": "false",
                            "hosted_zone_id": "Z3BJ6K6RIION7M",
                            "id": "sfc-snowalert-deploy",
                            "logging.#": "0",
                            "region": "us-west-2",
                            "replication_configuration.#": "0",
                            "request_payer": "BucketOwner",
                            "server_side_encryption_configuration.#": "1",
                            "server_side_encryption_configuration.0.rule.#": "1",
                            "server_side_encryption_configuration.0.rule.0.apply_server_side_encryption_by_default.#": "1",
                            "server_side_encryption_configuration.0.rule.0.apply_server_side_encryption_by_default.0.kms_master_key_id": "",
                            "server_side_encryption_configuration.0.rule.0.apply_server_side_encryption_by_default.0.sse_algorithm": "AES256",
                            "tags.%": "0",
                            "versioning.#": "1",
                            "versioning.0.enabled": "false",
                            "versioning.0.mfa_delete": "false",
                            "website.#": "0"
                        },
                        "meta": {},
                        "tainted": false
                    },
                    "deposed": [],
                    "provider": "provider.aws"
                },
                "aws_s3_bucket_notification.sfc-jamf-bucket-notification": {
                    "type": "aws_s3_bucket_notification",
                    "depends_on": [
                        "aws_s3_bucket.jamf"
                    ],
                    "primary": {
                        "id": "sfc-sec-jamf-logs",
                        "attributes": {
                            "bucket": "sfc-sec-jamf-logs",
                            "id": "sfc-sec-jamf-logs",
                            "lambda_function.#": "0",
                            "queue.#": "1",
                            "queue.0.events.#": "1",
                            "queue.0.events.3356830603": "s3:ObjectCreated:*",
                            "queue.0.filter_prefix": "",
                            "queue.0.filter_suffix": ".json",
                            "queue.0.id": "tf-s3-queue-20180427182716736000000001",
                            "queue.0.queue_arn": "arn:aws:sqs:us-west-2:494544507972:sf-snowpipe-AIDAJTEARQU2ZK36WBN64-YvEUohqSRWDSojAz4MMXAg",
                            "topic.#": "0"
                        },
                        "meta": {},
                        "tainted": false
                    },
                    "deposed": [],
                    "provider": "provider.aws"
                },
                "aws_s3_bucket_policy.logs": {
                    "type": "aws_s3_bucket_policy",
                    "depends_on": [
                        "aws_s3_bucket.logs"
                    ],
                    "primary": {
                        "id": "sfc-sec-logs",
                        "attributes": {
                            "bucket": "sfc-sec-logs",
                            "id": "sfc-sec-logs",
                            "policy": "{\"Version\":\"2012-10-17\",\"Statement\":[{\"Sid\":\"DenyUnEncryptedObjectUploads\",\"Effect\":\"Deny\",\"Principal\":\"*\",\"Action\":\"s3:PutObject\",\"Resource\":\"arn:aws:s3:::sfc-sec-logs/*\",\"Condition\":{\"StringNotEquals\":{\"s3:x-amz-server-side-encryption\":\"AES256\"}}},{\"Sid\":\" DenyUnEncryptedInflightOperations\",\"Effect\":\"Deny\",\"Principal\":\"*\",\"Action\":\"s3:*\",\"Resource\":\"arn:aws:s3:::sfc-sec-logs/*\",\"Condition\":{\"Bool\":{\"aws:SecureTransport\":\"false\"}}}]}"
                        },
                        "meta": {},
                        "tainted": false
                    },
                    "deposed": [],
                    "provider": "provider.aws"
                },
                "aws_security_group_rule.ingress_vpn": {
                    "type": "aws_security_group_rule",
                    "depends_on": [
                        "data.aws_security_group.default"
                    ],
                    "primary": {
                        "id": "sgrule-3779079914",
                        "attributes": {
                            "cidr_blocks.#": "1",
                            "cidr_blocks.0": "54.213.100.75/32",
                            "description": "",
                            "from_port": "0",
                            "id": "sgrule-3779079914",
                            "ipv6_cidr_blocks.#": "0",
                            "prefix_list_ids.#": "0",
                            "protocol": "-1",
                            "security_group_id": "sg-0f65fa84d7bdc98bb",
                            "self": "false",
                            "to_port": "65535",
                            "type": "ingress"
                        },
                        "meta": {
                            "schema_version": "2"
                        },
                        "tainted": false
                    },
                    "deposed": [],
                    "provider": "provider.aws"
                },
                "aws_subnet.lambda": {
                    "type": "aws_subnet",
                    "depends_on": [
                        "aws_vpc.main"
                    ],
                    "primary": {
                        "id": "subnet-09e219cf8f803d97a",
                        "attributes": {
                            "assign_ipv6_address_on_creation": "false",
                            "availability_zone": "us-west-2b",
                            "cidr_block": "10.7.64.0/24",
                            "id": "subnet-09e219cf8f803d97a",
                            "map_public_ip_on_launch": "false",
                            "tags.%": "0",
                            "vpc_id": "vpc-05a47b4c84e0d2eab"
                        },
                        "meta": {
                            "schema_version": "1"
                        },
                        "tainted": false
                    },
                    "deposed": [],
                    "provider": "provider.aws"
                },
                "aws_subnet.usw2a": {
                    "type": "aws_subnet",
                    "depends_on": [
                        "aws_vpc.main"
                    ],
                    "primary": {
                        "id": "subnet-0e47496dbd15a9423",
                        "attributes": {
                            "assign_ipv6_address_on_creation": "false",
                            "availability_zone": "us-west-2b",
                            "cidr_block": "10.7.0.0/18",
                            "id": "subnet-0e47496dbd15a9423",
                            "map_public_ip_on_launch": "false",
                            "tags.%": "0",
                            "vpc_id": "vpc-05a47b4c84e0d2eab"
                        },
                        "meta": {
                            "schema_version": "1"
                        },
                        "tainted": false
                    },
                    "deposed": [],
                    "provider": "provider.aws"
                },
                "aws_vpc.main": {
                    "type": "aws_vpc",
                    "depends_on": [],
                    "primary": {
                        "id": "vpc-05a47b4c84e0d2eab",
                        "attributes": {
                            "assign_generated_ipv6_cidr_block": "false",
                            "cidr_block": "10.7.0.0/16",
                            "default_network_acl_id": "acl-014fed69fd0b4db9b",
                            "default_route_table_id": "rtb-0706a982634175bc0",
                            "default_security_group_id": "sg-0f65fa84d7bdc98bb",
                            "dhcp_options_id": "dopt-80c02de7",
                            "enable_classiclink": "false",
                            "enable_classiclink_dns_support": "false",
                            "enable_dns_hostnames": "false",
                            "enable_dns_support": "true",
                            "id": "vpc-05a47b4c84e0d2eab",
                            "instance_tenancy": "default",
                            "main_route_table_id": "rtb-0706a982634175bc0",
                            "tags.%": "0"
                        },
                        "meta": {
                            "schema_version": "1"
                        },
                        "tainted": false
                    },
                    "deposed": [],
                    "provider": "provider.aws"
                },
                "data.aws_ami.centos6": {
                    "type": "aws_ami",
                    "depends_on": [],
                    "primary": {
                        "id": "ami-8b44f2f3",
                        "attributes": {
                            "architecture": "x86_64",
                            "block_device_mappings.#": "1",
                            "block_device_mappings.1671611489.device_name": "/dev/sda1",
                            "block_device_mappings.1671611489.ebs.%": "6",
                            "block_device_mappings.1671611489.ebs.delete_on_termination": "false",
                            "block_device_mappings.1671611489.ebs.encrypted": "false",
                            "block_device_mappings.1671611489.ebs.iops": "0",
                            "block_device_mappings.1671611489.ebs.snapshot_id": "snap-0cdf09a2c2a25fec4",
                            "block_device_mappings.1671611489.ebs.volume_size": "8",
                            "block_device_mappings.1671611489.ebs.volume_type": "standard",
                            "block_device_mappings.1671611489.no_device": "",
                            "block_device_mappings.1671611489.virtual_name": "",
                            "creation_date": "2018-01-12T20:37:34.000Z",
                            "description": "CentOS Linux 6 x86_64 HVM EBS 1801_01",
                            "executable_users.#": "1",
                            "executable_users.0": "all",
                            "filter.#": "2",
                            "filter.3215786881.name": "owner-alias",
                            "filter.3215786881.values.#": "1",
                            "filter.3215786881.values.0": "aws-marketplace",
                            "filter.595760024.name": "name",
                            "filter.595760024.values.#": "1",
                            "filter.595760024.values.0": "CentOS Linux 6 x86_64 HVM EBS *",
                            "hypervisor": "xen",
                            "id": "ami-8b44f2f3",
                            "image_id": "ami-8b44f2f3",
                            "image_location": "aws-marketplace/CentOS Linux 6 x86_64 HVM EBS 1801_01-74e73035-3435-48d6-88e0-89cc02ad83ee-ami-5d381c27.4",
                            "image_owner_alias": "aws-marketplace",
                            "image_type": "machine",
                            "most_recent": "true",
                            "name": "CentOS Linux 6 x86_64 HVM EBS 1801_01-74e73035-3435-48d6-88e0-89cc02ad83ee-ami-5d381c27.4",
                            "owner_id": "679593333241",
                            "owners.#": "1",
                            "owners.0": "679593333241",
                            "product_codes.#": "1",
                            "product_codes.1390161506.product_code_id": "6x5jmcajty9edm3f211pqjfn2",
                            "product_codes.1390161506.product_code_type": "marketplace",
                            "public": "true",
                            "root_device_name": "/dev/sda1",
                            "root_device_type": "ebs",
                            "root_snapshot_id": "snap-0cdf09a2c2a25fec4",
                            "state": "available",
                            "state_reason.%": "2",
                            "state_reason.code": "UNSET",
                            "state_reason.message": "UNSET",
                            "tags.%": "0",
                            "virtualization_type": "hvm"
                        },
                        "meta": {},
                        "tainted": false
                    },
                    "deposed": [],
                    "provider": "provider.aws"
                },
                "data.aws_iam_policy.lambda-vpc-access": {
                    "type": "aws_iam_policy",
                    "depends_on": [],
                    "primary": {
                        "id": "arn:aws:iam::aws:policy/service-role/AWSLambdaVPCAccessExecutionRole",
                        "attributes": {
                            "arn": "arn:aws:iam::aws:policy/service-role/AWSLambdaVPCAccessExecutionRole",
                            "description": "Provides minimum permissions for a Lambda function to execute while accessing a resource within a VPC - create, describe, delete network interfaces and write permissions to CloudWatch Logs. ",
                            "id": "arn:aws:iam::aws:policy/service-role/AWSLambdaVPCAccessExecutionRole",
                            "name": "AWSLambdaVPCAccessExecutionRole",
                            "path": "/service-role/",
                            "policy": "{\n  \"Version\": \"2012-10-17\",\n  \"Statement\": [\n    {\n      \"Effect\": \"Allow\",\n      \"Action\": [\n        \"logs:CreateLogGroup\",\n        \"logs:CreateLogStream\",\n        \"logs:PutLogEvents\",\n        \"ec2:CreateNetworkInterface\",\n        \"ec2:DescribeNetworkInterfaces\",\n        \"ec2:DeleteNetworkInterface\"\n      ],\n      \"Resource\": \"*\"\n    }\n  ]\n}"
                        },
                        "meta": {},
                        "tainted": false
                    },
                    "deposed": [],
                    "provider": "provider.aws"
                },
                "data.aws_route_table.pbtestigw": {
                    "type": "aws_route_table",
                    "depends_on": [
                        "aws_vpc.main"
                    ],
                    "primary": {
                        "id": "rtb-0706a982634175bc0",
                        "attributes": {
                            "associations.#": "1",
                            "associations.0.main": "true",
                            "associations.0.route_table_association_id": "rtbassoc-0ba326e2c94c20798",
                            "associations.0.route_table_id": "rtb-0706a982634175bc0",
                            "associations.0.subnet_id": "",
                            "filter.#": "1",
                            "filter.1135710929.name": "association.main",
                            "filter.1135710929.values.#": "1",
                            "filter.1135710929.values.4043113848": "true",
                            "id": "rtb-0706a982634175bc0",
                            "route_table_id": "rtb-0706a982634175bc0",
                            "routes.#": "1",
                            "routes.0.cidr_block": "0.0.0.0/0",
                            "routes.0.egress_only_gateway_id": "",
                            "routes.0.gateway_id": "igw-0c86383e1db25e943",
                            "routes.0.instance_id": "",
                            "routes.0.ipv6_cidr_block": "",
                            "routes.0.nat_gateway_id": "",
                            "routes.0.network_interface_id": "",
                            "routes.0.vpc_peering_connection_id": "",
                            "tags.%": "0",
                            "vpc_id": "vpc-05a47b4c84e0d2eab"
                        },
                        "meta": {},
                        "tainted": false
                    },
                    "deposed": [],
                    "provider": "provider.aws"
                },
                "data.aws_s3_bucket.sfc-snowalert-s3": {
                    "type": "aws_s3_bucket",
                    "depends_on": [],
                    "primary": {
                        "id": "sfc-snowalert-deploy",
                        "attributes": {
                            "arn": "arn:aws:s3:::sfc-snowalert-deploy",
                            "bucket": "sfc-snowalert-deploy",
                            "bucket_domain_name": "sfc-snowalert-deploy.s3.amazonaws.com",
                            "hosted_zone_id": "Z3BJ6K6RIION7M",
                            "id": "sfc-snowalert-deploy",
                            "region": "us-west-2"
                        },
                        "meta": {},
                        "tainted": false
                    },
                    "deposed": [],
                    "provider": "provider.aws"
                },
                "data.aws_security_group.default": {
                    "type": "aws_security_group",
                    "depends_on": [
                        "aws_vpc.main"
                    ],
                    "primary": {
                        "id": "sg-0f65fa84d7bdc98bb",
                        "attributes": {
                            "arn": "arn:aws:ec2:us-west-2:833190679431:security-group/sg-0f65fa84d7bdc98bb",
                            "description": "default VPC security group",
                            "id": "sg-0f65fa84d7bdc98bb",
                            "name": "default",
                            "tags.%": "0",
                            "vpc_id": "vpc-05a47b4c84e0d2eab"
                        },
                        "meta": {},
                        "tainted": false
                    },
                    "deposed": [],
                    "provider": "provider.aws"
                }
            },
            "depends_on": []
        },
        {
            "path": [
                "root",
                "aws-logs-nginx-sfc-dev"
            ],
            "outputs": {},
            "resources": {
                "aws_iam_role.s3_log_writer": {
                    "type": "aws_iam_role",
                    "depends_on": [
                        "data.aws_iam_policy_document.assumerole"
                    ],
                    "primary": {
                        "id": "s3_log_writer-nginx-sfc-dev",
                        "attributes": {
                            "arn": "arn:aws:iam::833190679431:role/s3_log_writer-nginx-sfc-dev",
                            "assume_role_policy": "{\"Version\":\"2012-10-17\",\"Statement\":[{\"Sid\":\"\",\"Effect\":\"Allow\",\"Principal\":{\"AWS\":\"arn:aws:iam::185886769098:root\"},\"Action\":\"sts:AssumeRole\"}]}",
                            "create_date": "2018-05-02T23:02:34Z",
                            "force_detach_policies": "false",
                            "id": "s3_log_writer-nginx-sfc-dev",
                            "max_session_duration": "3600",
                            "name": "s3_log_writer-nginx-sfc-dev",
                            "path": "/",
                            "unique_id": "AROAJUA3SF53LW22ACUO4"
                        },
                        "meta": {},
                        "tainted": false
                    },
                    "deposed": [],
                    "provider": "provider.aws"
                },
                "aws_iam_role_policy.s3_log_writer": {
                    "type": "aws_iam_role_policy",
                    "depends_on": [
                        "aws_iam_role.s3_log_writer",
                        "data.template_file.s3_log_writer"
                    ],
                    "primary": {
                        "id": "s3_log_writer-nginx-sfc-dev:s3_log_writer-nginx-sfc-dev",
                        "attributes": {
                            "id": "s3_log_writer-nginx-sfc-dev:s3_log_writer-nginx-sfc-dev",
                            "name": "s3_log_writer-nginx-sfc-dev",
                            "policy": "{\n  \"Version\": \"2012-10-17\",\n  \"Statement\": [\n    {\n      \"Effect\": \"Allow\",\n      \"Action\": [\n        \"s3:PutObjectAcl\",\n        \"s3:PutObject\",\n        \"s3:GetObject\"\n      ],\n      \"Resource\": \"arn:aws:s3:::sfc-sec-logs/security/unknown/nginx/sfc-dev/*\"\n    },\n    {\n      \"Effect\": \"Allow\",\n      \"Action\": \"s3:ListBucket\",\n      \"Resource\": \"arn:aws:s3:::sfc-sec-logs\",\n      \"Condition\": {\n        \"StringLike\": {\n          \"s3:prefix\": \"security/unknown/nginx/sfc-dev/*\"\n        }\n      }\n    }\n  ]\n}\n",
                            "role": "s3_log_writer-nginx-sfc-dev"
                        },
                        "meta": {},
                        "tainted": false
                    },
                    "deposed": [],
                    "provider": "provider.aws"
                },
                "data.aws_iam_policy_document.assumerole": {
                    "type": "aws_iam_policy_document",
                    "depends_on": [],
                    "primary": {
                        "id": "420701568",
                        "attributes": {
                            "id": "420701568",
                            "json": "{\n  \"Version\": \"2012-10-17\",\n  \"Statement\": [\n    {\n      \"Sid\": \"\",\n      \"Effect\": \"Allow\",\n      \"Action\": \"sts:AssumeRole\",\n      \"Principal\": {\n        \"AWS\": \"arn:aws:iam::185886769098:root\"\n      }\n    }\n  ]\n}",
                            "statement.#": "1",
                            "statement.0.actions.#": "1",
                            "statement.0.actions.2528466339": "sts:AssumeRole",
                            "statement.0.condition.#": "0",
                            "statement.0.effect": "Allow",
                            "statement.0.not_actions.#": "0",
                            "statement.0.not_principals.#": "0",
                            "statement.0.not_resources.#": "0",
                            "statement.0.principals.#": "1",
                            "statement.0.principals.3583831353.identifiers.#": "1",
                            "statement.0.principals.3583831353.identifiers.1934619572": "arn:aws:iam::185886769098:root",
                            "statement.0.principals.3583831353.type": "AWS",
                            "statement.0.resources.#": "0",
                            "statement.0.sid": ""
                        },
                        "meta": {},
                        "tainted": false
                    },
                    "deposed": [],
                    "provider": "provider.aws"
                },
                "data.template_file.s3_log_writer": {
                    "type": "template_file",
                    "depends_on": [],
                    "primary": {
                        "id": "5de7cd1e08f9a8776ccce41ec514828beaadc42bb1e3ea41c14c723dd7ea650b",
                        "attributes": {
                            "id": "5de7cd1e08f9a8776ccce41ec514828beaadc42bb1e3ea41c14c723dd7ea650b",
                            "rendered": "{\n  \"Version\": \"2012-10-17\",\n  \"Statement\": [\n    {\n      \"Effect\": \"Allow\",\n      \"Action\": [\n        \"s3:PutObjectAcl\",\n        \"s3:PutObject\",\n        \"s3:GetObject\"\n      ],\n      \"Resource\": \"arn:aws:s3:::sfc-sec-logs/security/unknown/nginx/sfc-dev/*\"\n    },\n    {\n      \"Effect\": \"Allow\",\n      \"Action\": \"s3:ListBucket\",\n      \"Resource\": \"arn:aws:s3:::sfc-sec-logs\",\n      \"Condition\": {\n        \"StringLike\": {\n          \"s3:prefix\": \"security/unknown/nginx/sfc-dev/*\"\n        }\n      }\n    }\n  ]\n}\n",
                            "template": "{\n  \"Version\": \"2012-10-17\",\n  \"Statement\": [\n    {\n      \"Effect\": \"Allow\",\n      \"Action\": [\n        \"s3:PutObjectAcl\",\n        \"s3:PutObject\",\n        \"s3:GetObject\"\n      ],\n      \"Resource\": \"${s3_bucket_arn}/security/${data_classification}/${log_type}/${bucket_prefix_name}/*\"\n    },\n    {\n      \"Effect\": \"Allow\",\n      \"Action\": \"s3:ListBucket\",\n      \"Resource\": \"${s3_bucket_arn}\",\n      \"Condition\": {\n        \"StringLike\": {\n          \"s3:prefix\": \"security/${data_classification}/${log_type}/${bucket_prefix_name}/*\"\n        }\n      }\n    }\n  ]\n}\n",
                            "vars.%": "4",
                            "vars.bucket_prefix_name": "sfc-dev",
                            "vars.data_classification": "unknown",
                            "vars.log_type": "nginx",
                            "vars.s3_bucket_arn": "arn:aws:s3:::sfc-sec-logs"
                        },
                        "meta": {},
                        "tainted": false
                    },
                    "deposed": [],
                    "provider": "provider.template"
                }
            },
            "depends_on": []
        },
        {
            "path": [
                "root",
                "aws-logs-osquery-sfc-dev"
            ],
            "outputs": {},
            "resources": {
                "aws_iam_role.s3_log_writer": {
                    "type": "aws_iam_role",
                    "depends_on": [
                        "data.aws_iam_policy_document.assumerole"
                    ],
                    "primary": {
                        "id": "s3_log_writer-osquery-sfc-dev",
                        "attributes": {
                            "arn": "arn:aws:iam::833190679431:role/s3_log_writer-osquery-sfc-dev",
                            "assume_role_policy": "{\"Version\":\"2012-10-17\",\"Statement\":[{\"Sid\":\"\",\"Effect\":\"Allow\",\"Principal\":{\"AWS\":\"arn:aws:iam::185886769098:root\"},\"Action\":\"sts:AssumeRole\"}]}",
                            "create_date": "2018-05-02T23:02:34Z",
                            "force_detach_policies": "false",
                            "id": "s3_log_writer-osquery-sfc-dev",
                            "max_session_duration": "3600",
                            "name": "s3_log_writer-osquery-sfc-dev",
                            "path": "/",
                            "unique_id": "AROAJZLT3QCH42SO7PFJQ"
                        },
                        "meta": {},
                        "tainted": false
                    },
                    "deposed": [],
                    "provider": "provider.aws"
                },
                "aws_iam_role_policy.s3_log_writer": {
                    "type": "aws_iam_role_policy",
                    "depends_on": [
                        "aws_iam_role.s3_log_writer",
                        "data.template_file.s3_log_writer"
                    ],
                    "primary": {
                        "id": "s3_log_writer-osquery-sfc-dev:s3_log_writer-osquery-sfc-dev",
                        "attributes": {
                            "id": "s3_log_writer-osquery-sfc-dev:s3_log_writer-osquery-sfc-dev",
                            "name": "s3_log_writer-osquery-sfc-dev",
                            "policy": "{\n  \"Version\": \"2012-10-17\",\n  \"Statement\": [\n    {\n      \"Effect\": \"Allow\",\n      \"Action\": [\n        \"s3:PutObjectAcl\",\n        \"s3:PutObject\",\n        \"s3:GetObject\"\n      ],\n      \"Resource\": \"arn:aws:s3:::sfc-sec-logs/security/unknown/osquery/sfc-dev/*\"\n    },\n    {\n      \"Effect\": \"Allow\",\n      \"Action\": \"s3:ListBucket\",\n      \"Resource\": \"arn:aws:s3:::sfc-sec-logs\",\n      \"Condition\": {\n        \"StringLike\": {\n          \"s3:prefix\": \"security/unknown/osquery/sfc-dev/*\"\n        }\n      }\n    }\n  ]\n}\n",
                            "role": "s3_log_writer-osquery-sfc-dev"
                        },
                        "meta": {},
                        "tainted": false
                    },
                    "deposed": [],
                    "provider": "provider.aws"
                },
                "data.aws_iam_policy_document.assumerole": {
                    "type": "aws_iam_policy_document",
                    "depends_on": [],
                    "primary": {
                        "id": "420701568",
                        "attributes": {
                            "id": "420701568",
                            "json": "{\n  \"Version\": \"2012-10-17\",\n  \"Statement\": [\n    {\n      \"Sid\": \"\",\n      \"Effect\": \"Allow\",\n      \"Action\": \"sts:AssumeRole\",\n      \"Principal\": {\n        \"AWS\": \"arn:aws:iam::185886769098:root\"\n      }\n    }\n  ]\n}",
                            "statement.#": "1",
                            "statement.0.actions.#": "1",
                            "statement.0.actions.2528466339": "sts:AssumeRole",
                            "statement.0.condition.#": "0",
                            "statement.0.effect": "Allow",
                            "statement.0.not_actions.#": "0",
                            "statement.0.not_principals.#": "0",
                            "statement.0.not_resources.#": "0",
                            "statement.0.principals.#": "1",
                            "statement.0.principals.3583831353.identifiers.#": "1",
                            "statement.0.principals.3583831353.identifiers.1934619572": "arn:aws:iam::185886769098:root",
                            "statement.0.principals.3583831353.type": "AWS",
                            "statement.0.resources.#": "0",
                            "statement.0.sid": ""
                        },
                        "meta": {},
                        "tainted": false
                    },
                    "deposed": [],
                    "provider": "provider.aws"
                },
                "data.template_file.s3_log_writer": {
                    "type": "template_file",
                    "depends_on": [],
                    "primary": {
                        "id": "b8611c9158410074ccf51fa188c8c84a8e3e3db9bbc4146ae68c7ec6e051cd56",
                        "attributes": {
                            "id": "b8611c9158410074ccf51fa188c8c84a8e3e3db9bbc4146ae68c7ec6e051cd56",
                            "rendered": "{\n  \"Version\": \"2012-10-17\",\n  \"Statement\": [\n    {\n      \"Effect\": \"Allow\",\n      \"Action\": [\n        \"s3:PutObjectAcl\",\n        \"s3:PutObject\",\n        \"s3:GetObject\"\n      ],\n      \"Resource\": \"arn:aws:s3:::sfc-sec-logs/security/unknown/osquery/sfc-dev/*\"\n    },\n    {\n      \"Effect\": \"Allow\",\n      \"Action\": \"s3:ListBucket\",\n      \"Resource\": \"arn:aws:s3:::sfc-sec-logs\",\n      \"Condition\": {\n        \"StringLike\": {\n          \"s3:prefix\": \"security/unknown/osquery/sfc-dev/*\"\n        }\n      }\n    }\n  ]\n}\n",
                            "template": "{\n  \"Version\": \"2012-10-17\",\n  \"Statement\": [\n    {\n      \"Effect\": \"Allow\",\n      \"Action\": [\n        \"s3:PutObjectAcl\",\n        \"s3:PutObject\",\n        \"s3:GetObject\"\n      ],\n      \"Resource\": \"${s3_bucket_arn}/security/${data_classification}/${log_type}/${bucket_prefix_name}/*\"\n    },\n    {\n      \"Effect\": \"Allow\",\n      \"Action\": \"s3:ListBucket\",\n      \"Resource\": \"${s3_bucket_arn}\",\n      \"Condition\": {\n        \"StringLike\": {\n          \"s3:prefix\": \"security/${data_classification}/${log_type}/${bucket_prefix_name}/*\"\n        }\n      }\n    }\n  ]\n}\n",
                            "vars.%": "4",
                            "vars.bucket_prefix_name": "sfc-dev",
                            "vars.data_classification": "unknown",
                            "vars.log_type": "osquery",
                            "vars.s3_bucket_arn": "arn:aws:s3:::sfc-sec-logs"
                        },
                        "meta": {},
                        "tainted": false
                    },
                    "deposed": [],
                    "provider": "provider.template"
                }
            },
            "depends_on": []
        },
        {
            "path": [
                "root",
                "aws-logs-syslog-sfc-dev"
            ],
            "outputs": {},
            "resources": {
                "aws_iam_role.s3_log_writer": {
                    "type": "aws_iam_role",
                    "depends_on": [
                        "data.aws_iam_policy_document.assumerole"
                    ],
                    "primary": {
                        "id": "s3_log_writer-syslog-sfc-dev",
                        "attributes": {
                            "arn": "arn:aws:iam::833190679431:role/s3_log_writer-syslog-sfc-dev",
                            "assume_role_policy": "{\"Version\":\"2012-10-17\",\"Statement\":[{\"Sid\":\"\",\"Effect\":\"Allow\",\"Principal\":{\"AWS\":\"arn:aws:iam::185886769098:root\"},\"Action\":\"sts:AssumeRole\"}]}",
                            "create_date": "2018-05-02T23:02:34Z",
                            "force_detach_policies": "false",
                            "id": "s3_log_writer-syslog-sfc-dev",
                            "max_session_duration": "3600",
                            "name": "s3_log_writer-syslog-sfc-dev",
                            "path": "/",
                            "unique_id": "AROAIIPAQI7WDQEFFXD4C"
                        },
                        "meta": {},
                        "tainted": false
                    },
                    "deposed": [],
                    "provider": "provider.aws"
                },
                "aws_iam_role_policy.s3_log_writer": {
                    "type": "aws_iam_role_policy",
                    "depends_on": [
                        "aws_iam_role.s3_log_writer",
                        "data.template_file.s3_log_writer"
                    ],
                    "primary": {
                        "id": "s3_log_writer-syslog-sfc-dev:s3_log_writer-syslog-sfc-dev",
                        "attributes": {
                            "id": "s3_log_writer-syslog-sfc-dev:s3_log_writer-syslog-sfc-dev",
                            "name": "s3_log_writer-syslog-sfc-dev",
                            "policy": "{\n  \"Version\": \"2012-10-17\",\n  \"Statement\": [\n    {\n      \"Effect\": \"Allow\",\n      \"Action\": [\n        \"s3:PutObjectAcl\",\n        \"s3:PutObject\",\n        \"s3:GetObject\"\n      ],\n      \"Resource\": \"arn:aws:s3:::sfc-sec-logs/security/unknown/syslog/sfc-dev/*\"\n    },\n    {\n      \"Effect\": \"Allow\",\n      \"Action\": \"s3:ListBucket\",\n      \"Resource\": \"arn:aws:s3:::sfc-sec-logs\",\n      \"Condition\": {\n        \"StringLike\": {\n          \"s3:prefix\": \"security/unknown/syslog/sfc-dev/*\"\n        }\n      }\n    }\n  ]\n}\n",
                            "role": "s3_log_writer-syslog-sfc-dev"
                        },
                        "meta": {},
                        "tainted": false
                    },
                    "deposed": [],
                    "provider": "provider.aws"
                },
                "data.aws_iam_policy_document.assumerole": {
                    "type": "aws_iam_policy_document",
                    "depends_on": [],
                    "primary": {
                        "id": "420701568",
                        "attributes": {
                            "id": "420701568",
                            "json": "{\n  \"Version\": \"2012-10-17\",\n  \"Statement\": [\n    {\n      \"Sid\": \"\",\n      \"Effect\": \"Allow\",\n      \"Action\": \"sts:AssumeRole\",\n      \"Principal\": {\n        \"AWS\": \"arn:aws:iam::185886769098:root\"\n      }\n    }\n  ]\n}",
                            "statement.#": "1",
                            "statement.0.actions.#": "1",
                            "statement.0.actions.2528466339": "sts:AssumeRole",
                            "statement.0.condition.#": "0",
                            "statement.0.effect": "Allow",
                            "statement.0.not_actions.#": "0",
                            "statement.0.not_principals.#": "0",
                            "statement.0.not_resources.#": "0",
                            "statement.0.principals.#": "1",
                            "statement.0.principals.3583831353.identifiers.#": "1",
                            "statement.0.principals.3583831353.identifiers.1934619572": "arn:aws:iam::185886769098:root",
                            "statement.0.principals.3583831353.type": "AWS",
                            "statement.0.resources.#": "0",
                            "statement.0.sid": ""
                        },
                        "meta": {},
                        "tainted": false
                    },
                    "deposed": [],
                    "provider": "provider.aws"
                },
                "data.template_file.s3_log_writer": {
                    "type": "template_file",
                    "depends_on": [],
                    "primary": {
                        "id": "a34ac36e8bf1754ee68982fe8e5e7ade7f6b9e298879b3b8a702553a5ff856e0",
                        "attributes": {
                            "id": "a34ac36e8bf1754ee68982fe8e5e7ade7f6b9e298879b3b8a702553a5ff856e0",
                            "rendered": "{\n  \"Version\": \"2012-10-17\",\n  \"Statement\": [\n    {\n      \"Effect\": \"Allow\",\n      \"Action\": [\n        \"s3:PutObjectAcl\",\n        \"s3:PutObject\",\n        \"s3:GetObject\"\n      ],\n      \"Resource\": \"arn:aws:s3:::sfc-sec-logs/security/unknown/syslog/sfc-dev/*\"\n    },\n    {\n      \"Effect\": \"Allow\",\n      \"Action\": \"s3:ListBucket\",\n      \"Resource\": \"arn:aws:s3:::sfc-sec-logs\",\n      \"Condition\": {\n        \"StringLike\": {\n          \"s3:prefix\": \"security/unknown/syslog/sfc-dev/*\"\n        }\n      }\n    }\n  ]\n}\n",
                            "template": "{\n  \"Version\": \"2012-10-17\",\n  \"Statement\": [\n    {\n      \"Effect\": \"Allow\",\n      \"Action\": [\n        \"s3:PutObjectAcl\",\n        \"s3:PutObject\",\n        \"s3:GetObject\"\n      ],\n      \"Resource\": \"${s3_bucket_arn}/security/${data_classification}/${log_type}/${bucket_prefix_name}/*\"\n    },\n    {\n      \"Effect\": \"Allow\",\n      \"Action\": \"s3:ListBucket\",\n      \"Resource\": \"${s3_bucket_arn}\",\n      \"Condition\": {\n        \"StringLike\": {\n          \"s3:prefix\": \"security/${data_classification}/${log_type}/${bucket_prefix_name}/*\"\n        }\n      }\n    }\n  ]\n}\n",
                            "vars.%": "4",
                            "vars.bucket_prefix_name": "sfc-dev",
                            "vars.data_classification": "unknown",
                            "vars.log_type": "syslog",
                            "vars.s3_bucket_arn": "arn:aws:s3:::sfc-sec-logs"
                        },
                        "meta": {},
                        "tainted": false
                    },
                    "deposed": [],
                    "provider": "provider.template"
                }
            },
            "depends_on": []
        }
    ]
}
